
Microsoft Visual Studio Solution File, Format Version 12.00
# Visual Studio Version 17
VisualStudioVersion = 17.4.33205.214
MinimumVisualStudioVersion = 10.0.40219.1
Project("{9A19103F-16F7-4668-BE54-9A1E7A4F7556}") = "HttpServiceServer", "HttpServiceServer\HttpServiceServer.csproj", "{AA190BE5-0781-4F90-9635-FFD8D1181F2D}"
EndProject
Project("{FAE04EC0-301F-11D3-BF4B-00C04F79EFBC}") = "HttpServiceServer.Test", "HttpServiceServer.Test\HttpServiceServer.Test.csproj", "{ED1D2E41-D761-4343-8BAC-55C7157BB642}"
EndProject
Global
	GlobalSection(SolutionConfigurationPlatforms) = preSolution
		Debug|Any CPU = Debug|Any CPU
		Release|Any CPU = Release|Any CPU
	EndGlobalSection
	GlobalSection(ProjectConfigurationPlatforms) = postSolution
		{AA190BE5-0781-4F90-9635-FFD8D1181F2D}.Debug|Any CPU.ActiveCfg = Debug|Any CPU
		{AA190BE5-0781-4F90-9635-FFD8D1181F2D}.Debug|Any CPU.Build.0 = Debug|Any CPU
		{AA190BE5-0781-4F90-9635-FFD8D1181F2D}.Release|Any CPU.ActiveCfg = Release|Any CPU
		{AA190BE5-0781-4F90-9635-FFD8D1181F2D}.Release|Any CPU.Build.0 = Release|Any CPU
		{ED1D2E41-D761-4343-8BAC-55C7157BB642}.Debug|Any CPU.ActiveCfg = Debug|Any CPU
		{ED1D2E41-D761-4343-8BAC-55C7157BB642}.Debug|Any CPU.Build.0 = Debug|Any CPU
		{ED1D2E41-D761-4343-8BAC-55C7157BB642}.Release|Any CPU.ActiveCfg = Release|Any CPU
		{ED1D2E41-D761-4343-8BAC-55C7157BB642}.Release|Any CPU.Build.0 = Release|Any CPU
	EndGlobalSection
	GlobalSection(SolutionProperties) = preSolution
		HideSolutionNode = FALSE
	EndGlobalSection
	GlobalSection(ExtensibilityGlobals) = postSolution
		SolutionGuid = {AEFD05B7-8EED-4939-86CF-C32F08260CAF}
	EndGlobalSection
EndGlobal
